
Microsoft Visual Studio Solution File, Format Version 12.00
# Visual Studio Version 17
VisualStudioVersion = 17.1.32319.34
MinimumVisualStudioVersion = 10.0.40219.1
Project("{9A19103F-16F7-4668-BE54-9A1E7A4F7556}") = "NetworkServiceLab", "NetworkServiceLab.csproj", "{31AF35F5-6503-436F-9662-D59E5174DD9F}"
EndProject
Global
	GlobalSection(SolutionConfigurationPlatforms) = preSolution
		Debug|Any CPU = Debug|Any CPU
		Release|Any CPU = Release|Any CPU
	EndGlobalSection
	GlobalSection(ProjectConfigurationPlatforms) = postSolution
		{31AF35F5-6503-436F-9662-D59E5174DD9F}.Debug|Any CPU.ActiveCfg = Debug|Any CPU
		{31AF35F5-6503-436F-9662-D59E5174DD9F}.Debug|Any CPU.Build.0 = Debug|Any CPU
		{31AF35F5-6503-436F-9662-D59E5174DD9F}.Release|Any CPU.ActiveCfg = Release|Any CPU
		{31AF35F5-6503-436F-9662-D59E5174DD9F}.Release|Any CPU.Build.0 = Release|Any CPU
	EndGlobalSection
	GlobalSection(SolutionProperties) = preSolution
		HideSolutionNode = FALSE
	EndGlobalSection
	GlobalSection(ExtensibilityGlobals) = postSolution
		SolutionGuid = {7C7C0EFD-46AC-4884-B8B5-151CB416EDE9}
	EndGlobalSection
EndGlobal
